
Microsoft Visual Studio Solution File, Format Version 12.00
# Visual Studio Version 17
VisualStudioVersion = 17.5.001.0
MinimumVisualStudioVersion = 10.0.40219.1
Project("{9A19103F-16F7-4668-BE54-9A1E7A4F7556}") = "balta-blog-studies", "balta-blog-studies.csproj", "{6DDB03A8-6BFF-4C29-A61B-E9BE8D706D76}"
EndProject
Global
	GlobalSection(SolutionConfigurationPlatforms) = preSolution
		Debug|Any CPU = Debug|Any CPU
		Release|Any CPU = Release|Any CPU
	EndGlobalSection
	GlobalSection(ProjectConfigurationPlatforms) = postSolution
		{6DDB03A8-6BFF-4C29-A61B-E9BE8D706D76}.Debug|Any CPU.ActiveCfg = Debug|Any CPU
		{6DDB03A8-6BFF-4C29-A61B-E9BE8D706D76}.Debug|Any CPU.Build.0 = Debug|Any CPU
		{6DDB03A8-6BFF-4C29-A61B-E9BE8D706D76}.Release|Any CPU.ActiveCfg = Release|Any CPU
		{6DDB03A8-6BFF-4C29-A61B-E9BE8D706D76}.Release|Any CPU.Build.0 = Release|Any CPU
	EndGlobalSection
	GlobalSection(SolutionProperties) = preSolution
		HideSolutionNode = FALSE
	EndGlobalSection
	GlobalSection(ExtensibilityGlobals) = postSolution
		SolutionGuid = {181A69CF-7089-4BC0-90E8-EDFB44648F25}
	EndGlobalSection
EndGlobal
